
Microsoft Visual Studio Solution File, Format Version 12.00
# Visual Studio Version 16
VisualStudioVersion = 16.0.31112.23
MinimumVisualStudioVersion = 10.0.40219.1
Project("{9A19103F-16F7-4668-BE54-9A1E7A4F7556}") = "Grains", "Grains\Grains.csproj", "{AE293132-E9D4-4136-838D-13437F84D4B8}"
	ProjectSection(ProjectDependencies) = postProject
		{06EC840F-2CBF-49A2-956A-9722DEB9CC64} = {06EC840F-2CBF-49A2-956A-9722DEB9CC64}
	EndProjectSection
EndProject
Project("{9A19103F-16F7-4668-BE54-9A1E7A4F7556}") = "GrainInterfaces", "GrainInterfaces\GrainInterfaces.csproj", "{06EC840F-2CBF-49A2-956A-9722DEB9CC64}"
EndProject
Project("{9A19103F-16F7-4668-BE54-9A1E7A4F7556}") = "Silo", "Silo\Silo.csproj", "{8EAB66D0-99FD-4176-AECF-3CF09B1A2349}"
	ProjectSection(ProjectDependencies) = postProject
		{06EC840F-2CBF-49A2-956A-9722DEB9CC64} = {06EC840F-2CBF-49A2-956A-9722DEB9CC64}
		{AE293132-E9D4-4136-838D-13437F84D4B8} = {AE293132-E9D4-4136-838D-13437F84D4B8}
	EndProjectSection
EndProject
Project("{9A19103F-16F7-4668-BE54-9A1E7A4F7556}") = "Client", "Client\Client.csproj", "{7A9EAE9E-7F57-4792-98B0-048866FE2CA9}"
	ProjectSection(ProjectDependencies) = postProject
		{06EC840F-2CBF-49A2-956A-9722DEB9CC64} = {06EC840F-2CBF-49A2-956A-9722DEB9CC64}
	EndProjectSection
EndProject
Project("{FAE04EC0-301F-11D3-BF4B-00C04F79EFBC}") = "UnitTests", "UnitTests\UnitTests.csproj", "{697D6FCF-2515-4DCB-AE44-8AB30F1363C2}"
EndProject
Global
	GlobalSection(SolutionConfigurationPlatforms) = preSolution
		Debug|Any CPU = Debug|Any CPU
		Release|Any CPU = Release|Any CPU
	EndGlobalSection
	GlobalSection(ProjectConfigurationPlatforms) = postSolution
		{AE293132-E9D4-4136-838D-13437F84D4B8}.Debug|Any CPU.ActiveCfg = Debug|Any CPU
		{AE293132-E9D4-4136-838D-13437F84D4B8}.Debug|Any CPU.Build.0 = Debug|Any CPU
		{AE293132-E9D4-4136-838D-13437F84D4B8}.Release|Any CPU.ActiveCfg = Release|Any CPU
		{AE293132-E9D4-4136-838D-13437F84D4B8}.Release|Any CPU.Build.0 = Release|Any CPU
		{06EC840F-2CBF-49A2-956A-9722DEB9CC64}.Debug|Any CPU.ActiveCfg = Debug|Any CPU
		{06EC840F-2CBF-49A2-956A-9722DEB9CC64}.Debug|Any CPU.Build.0 = Debug|Any CPU
		{06EC840F-2CBF-49A2-956A-9722DEB9CC64}.Release|Any CPU.ActiveCfg = Release|Any CPU
		{06EC840F-2CBF-49A2-956A-9722DEB9CC64}.Release|Any CPU.Build.0 = Release|Any CPU
		{8EAB66D0-99FD-4176-AECF-3CF09B1A2349}.Debug|Any CPU.ActiveCfg = Debug|Any CPU
		{8EAB66D0-99FD-4176-AECF-3CF09B1A2349}.Debug|Any CPU.Build.0 = Debug|Any CPU
		{8EAB66D0-99FD-4176-AECF-3CF09B1A2349}.Release|Any CPU.ActiveCfg = Release|Any CPU
		{8EAB66D0-99FD-4176-AECF-3CF09B1A2349}.Release|Any CPU.Build.0 = Release|Any CPU
		{7A9EAE9E-7F57-4792-98B0-048866FE2CA9}.Debug|Any CPU.ActiveCfg = Debug|Any CPU
		{7A9EAE9E-7F57-4792-98B0-048866FE2CA9}.Debug|Any CPU.Build.0 = Debug|Any CPU
		{7A9EAE9E-7F57-4792-98B0-048866FE2CA9}.Release|Any CPU.ActiveCfg = Release|Any CPU
		{7A9EAE9E-7F57-4792-98B0-048866FE2CA9}.Release|Any CPU.Build.0 = Release|Any CPU
		{697D6FCF-2515-4DCB-AE44-8AB30F1363C2}.Debug|Any CPU.ActiveCfg = Debug|Any CPU
		{697D6FCF-2515-4DCB-AE44-8AB30F1363C2}.Debug|Any CPU.Build.0 = Debug|Any CPU
		{697D6FCF-2515-4DCB-AE44-8AB30F1363C2}.Release|Any CPU.ActiveCfg = Release|Any CPU
		{697D6FCF-2515-4DCB-AE44-8AB30F1363C2}.Release|Any CPU.Build.0 = Release|Any CPU
	EndGlobalSection
	GlobalSection(SolutionProperties) = preSolution
		HideSolutionNode = FALSE
	EndGlobalSection
	GlobalSection(ExtensibilityGlobals) = postSolution
		SolutionGuid = {192978E3-E263-40BC-BD11-84DDC90D4746}
	EndGlobalSection
EndGlobal
